
Microsoft Visual Studio Solution File, Format Version 12.00
# Visual Studio Version 16
VisualStudioVersion = 16.0.30011.22
MinimumVisualStudioVersion = 10.0.40219.1
Project("{FAE04EC0-301F-11D3-BF4B-00C04F79EFBC}") = "TakeChat", "TakeChat\TakeChat.csproj", "{59BA90D6-99E8-4264-8950-8D741F5EACC0}"
EndProject
Project("{FAE04EC0-301F-11D3-BF4B-00C04F79EFBC}") = "TakeChatServerForm", "TakeChatServerForm\TakeChatServerForm.csproj", "{0FE3AEBB-9FAD-4520-8149-B7F2347D1747}"
EndProject
Project("{FAE04EC0-301F-11D3-BF4B-00C04F79EFBC}") = "TakeChatClientForm", "TakeChatClientForm\TakeChatClientForm.csproj", "{38CC8AA8-F413-4535-AA17-2704F6654174}"
EndProject
Global
	GlobalSection(SolutionConfigurationPlatforms) = preSolution
		Debug|Any CPU = Debug|Any CPU
		Release|Any CPU = Release|Any CPU
	EndGlobalSection
	GlobalSection(ProjectConfigurationPlatforms) = postSolution
		{59BA90D6-99E8-4264-8950-8D741F5EACC0}.Debug|Any CPU.ActiveCfg = Debug|Any CPU
		{59BA90D6-99E8-4264-8950-8D741F5EACC0}.Debug|Any CPU.Build.0 = Debug|Any CPU
		{59BA90D6-99E8-4264-8950-8D741F5EACC0}.Release|Any CPU.ActiveCfg = Release|Any CPU
		{59BA90D6-99E8-4264-8950-8D741F5EACC0}.Release|Any CPU.Build.0 = Release|Any CPU
		{0FE3AEBB-9FAD-4520-8149-B7F2347D1747}.Debug|Any CPU.ActiveCfg = Debug|Any CPU
		{0FE3AEBB-9FAD-4520-8149-B7F2347D1747}.Debug|Any CPU.Build.0 = Debug|Any CPU
		{0FE3AEBB-9FAD-4520-8149-B7F2347D1747}.Release|Any CPU.ActiveCfg = Release|Any CPU
		{0FE3AEBB-9FAD-4520-8149-B7F2347D1747}.Release|Any CPU.Build.0 = Release|Any CPU
		{38CC8AA8-F413-4535-AA17-2704F6654174}.Debug|Any CPU.ActiveCfg = Debug|Any CPU
		{38CC8AA8-F413-4535-AA17-2704F6654174}.Debug|Any CPU.Build.0 = Debug|Any CPU
		{38CC8AA8-F413-4535-AA17-2704F6654174}.Release|Any CPU.ActiveCfg = Release|Any CPU
		{38CC8AA8-F413-4535-AA17-2704F6654174}.Release|Any CPU.Build.0 = Release|Any CPU
	EndGlobalSection
	GlobalSection(SolutionProperties) = preSolution
		HideSolutionNode = FALSE
	EndGlobalSection
	GlobalSection(ExtensibilityGlobals) = postSolution
		SolutionGuid = {06EC2664-A077-4A10-A153-1CB8DCB33EDE}
	EndGlobalSection
EndGlobal
